// !$*UTF8*$!
{
	archiveVersion = 1;
	classes = {
	};
	objectVersion = 46;
	objects = {

/* Begin PBXBuildFile section */
		385BF0D51C45FAF600369891 /* main.m in Sources */ = {isa = PBXBuildFile; fileRef = 385BF0D41C45FAF600369891 /* main.m */; };
		385BF0D81C45FAF600369891 /* AppDelegate.m in Sources */ = {isa = PBXBuildFile; fileRef = 385BF0D71C45FAF600369891 /* AppDelegate.m */; };
		385BF0DB1C45FAF600369891 /* ViewController.m in Sources */ = {isa = PBXBuildFile; fileRef = 385BF0DA1C45FAF600369891 /* ViewController.m */; };
		385BF0DE1C45FAF600369891 /* Main.storyboard in Resources */ = {isa = PBXBuildFile; fileRef = 385BF0DC1C45FAF600369891 /* Main.storyboard */; };
		385BF0E01C45FAF600369891 /* Assets.xcassets in Resources */ = {isa = PBXBuildFile; fileRef = 385BF0DF1C45FAF600369891 /* Assets.xcassets */; };
		385BF0E31C45FAF600369891 /* LaunchScreen.storyboard in Resources */ = {isa = PBXBuildFile; fileRef = 385BF0E11C45FAF600369891 /* LaunchScreen.storyboard */; };
		385BF0EC1C461A2B00369891 /* FTPopMenu.m in Sources */ = {isa = PBXBuildFile; fileRef = 385BF0EB1C461A2B00369891 /* FTPopMenu.m */; };
/* End PBXBuildFile section */

/* Begin PBXFileReference section */
		385BF0D01C45FAF600369891 /* FTPopMenu.app */ = {isa = PBXFileReference; explicitFileType = wrapper.application; includeInIndex = 0; path = FTPopMenu.app; sourceTree = BUILT_PRODUCTS_DIR; };
		385BF0D41C45FAF600369891 /* main.m */ = {isa = PBXFileReference; lastKnownFileType = sourcecode.c.objc; path = main.m; sourceTree = "<group>"; };
		385BF0D61C45FAF600369891 /* AppDelegate.h */ = {isa = PBXFileReference; lastKnownFileType = sourcecode.c.h; path = AppDelegate.h; sourceTree = "<group>"; };
		385BF0D71C45FAF600369891 /* AppDelegate.m */ = {isa = PBXFileReference; lastKnownFileType = sourcecode.c.objc; path = AppDelegate.m; sourceTree = "<group>"; };
		385BF0D91C45FAF600369891 /* ViewController.h */ = {isa = PBXFileReference; lastKnownFileType = sourcecode.c.h; path = ViewController.h; sourceTree = "<group>"; };
		385BF0DA1C45FAF600369891 /* ViewController.m */ = {isa = PBXFileReference; lastKnownFileType = sourcecode.c.objc; path = ViewController.m; sourceTree = "<group>"; };
		385BF0DD1C45FAF600369891 /* Base */ = {isa = PBXFileReference; lastKnownFileType = file.storyboard; name = Base; path = Base.lproj/Main.storyboard; sourceTree = "<group>"; };
		385BF0DF1C45FAF600369891 /* Assets.xcassets */ = {isa = PBXFileReference; lastKnownFileType = folder.assetcatalog; path = Assets.xcassets; sourceTree = "<group>"; };
		385BF0E21C45FAF600369891 /* Base */ = {isa = PBXFileReference; lastKnownFileType = file.storyboard; name = Base; path = Base.lproj/LaunchScreen.storyboard; sourceTree = "<group>"; };
		385BF0E41C45FAF600369891 /* Info.plist */ = {isa = PBXFileReference; lastKnownFileType = text.plist.xml; path = Info.plist; sourceTree = "<group>"; };
		385BF0EA1C461A2B00369891 /* FTPopMenu.h */ = {isa = PBXFileReference; fileEncoding = 4; lastKnownFileType = sourcecode.c.h; path = FTPopMenu.h; sourceTree = "<group>"; };
		385BF0EB1C461A2B00369891 /* FTPopMenu.m */ = {isa = PBXFileReference; fileEncoding = 4; lastKnownFileType = sourcecode.c.objc; path = FTPopMenu.m; sourceTree = "<group>"; };
/* End PBXFileReference section */

/* Begin PBXFrameworksBuildPhase section */
		385BF0CD1C45FAF600369891 /* Frameworks */ = {
			isa = PBXFrameworksBuildPhase;
			buildActionMask = 2147483647;
			files = (
			);
			runOnlyForDeploymentPostprocessing = 0;
		};
/* End PBXFrameworksBuildPhase section */

/* Begin PBXGroup section */
		385BF0C71C45FAF600369891 = {
			isa = PBXGroup;
			children = (
				385BF0D21C45FAF600369891 /* FTPopMenu */,
				385BF0D11C45FAF600369891 /* Products */,
			);
			sourceTree = "<group>";
		};
		385BF0D11C45FAF600369891 /* Products */ = {
			isa = PBXGroup;
			children = (
				385BF0D01C45FAF600369891 /* FTPopMenu.app */,
			);
			name = Products;
			sourceTree = "<group>";
		};
		385BF0D21C45FAF600369891 /* FTPopMenu */ = {
			isa = PBXGroup;
			children = (
				385BF0D61C45FAF600369891 /* AppDelegate.h */,
				385BF0D71C45FAF600369891 /* AppDelegate.m */,
				385BF0D91C45FAF600369891 /* ViewController.h */,
				385BF0DA1C45FAF600369891 /* ViewController.m */,
				385BF0EA1C461A2B00369891 /* FTPopMenu.h */,
				385BF0EB1C461A2B00369891 /* FTPopMenu.m */,
				385BF0DC1C45FAF600369891 /* Main.storyboard */,
				385BF0DF1C45FAF600369891 /* Assets.xcassets */,
				385BF0E11C45FAF600369891 /* LaunchScreen.storyboard */,
				385BF0E41C45FAF600369891 /* Info.plist */,
				385BF0D31C45FAF600369891 /* Supporting Files */,
			);
			path = FTPopMenu;
			sourceTree = "<group>";
		};
		385BF0D31C45FAF600369891 /* Supporting Files */ = {
			isa = PBXGroup;
			children = (
				385BF0D41C45FAF600369891 /* main.m */,
			);
			name = "Supporting Files";
			sourceTree = "<group>";
		};
/* End PBXGroup section */

/* Begin PBXNativeTarget section */
		385BF0CF1C45FAF600369891 /* FTPopMenu */ = {
			isa = PBXNativeTarget;
			buildConfigurationList = 385BF0E71C45FAF600369891 /* Build configuration list for PBXNativeTarget "FTPopMenu" */;
			buildPhases = (
				385BF0CC1C45FAF600369891 /* Sources */,
				385BF0CD1C45FAF600369891 /* Frameworks */,
				385BF0CE1C45FAF600369891 /* Resources */,
			);
			buildRules = (
			);
			dependencies = (
			);
			name = FTPopMenu;
			productName = FTPopMenu;
			productReference = 385BF0D01C45FAF600369891 /* FTPopMenu.app */;
			productType = "com.apple.product-type.application";
		};
/* End PBXNativeTarget section */

/* Begin PBXProject section */
		385BF0C81C45FAF600369891 /* Project object */ = {
			isa = PBXProject;
			attributes = {
				LastUpgradeCheck = 0720;
				ORGANIZATIONNAME = xiaodou;
				TargetAttributes = {
					385BF0CF1C45FAF600369891 = {
						CreatedOnToolsVersion = 7.2;
					};
				};
			};
			buildConfigurationList = 385BF0CB1C45FAF600369891 /* Build configuration list for PBXProject "FTPopMenu" */;
			compatibilityVersion = "Xcode 3.2";
			developmentRegion = English;
			hasScannedForEncodings = 0;
			knownRegions = (
				en,
				Base,
			);
			mainGroup = 385BF0C71C45FAF600369891;
			productRefGroup = 385BF0D11C45FAF600369891 /* Products */;
			projectDirPath = "";
			projectRoot = "";
			targets = (
				385BF0CF1C45FAF600369891 /* FTPopMenu */,
			);
		};
/* End PBXProject section */

/* Begin PBXResourcesBuildPhase section */
		385BF0CE1C45FAF600369891 /* Resources */ = {
			isa = PBXResourcesBuildPhase;
			buildActionMask = 2147483647;
			files = (
				385BF0E31C45FAF600369891 /* LaunchScreen.storyboard in Resources */,
				385BF0E01C45FAF600369891 /* Assets.xcassets in Resources */,
				385BF0DE1C45FAF600369891 /* Main.storyboard in Resources */,
			);
			runOnlyForDeploymentPostprocessing = 0;
		};
/* End PBXResourcesBuildPhase section */

/* Begin PBXSourcesBuildPhase section */
		385BF0CC1C45FAF600369891 /* Sources */ = {
			isa = PBXSourcesBuildPhase;
			buildActionMask = 2147483647;
			files = (
				385BF0EC1C461A2B00369891 /* FTPopMenu.m in Sources */,
				385BF0DB1C45FAF600369891 /* ViewController.m in Sources */,
				385BF0D81C45FAF600369891 /* AppDelegate.m in Sources */,
				385BF0D51C45FAF600369891 /* main.m in Sources */,
			);
			runOnlyForDeploymentPostprocessing = 0;
		};
/* End PBXSourcesBuildPhase section */

/* Begin PBXVariantGroup section */
		385BF0DC1C45FAF600369891 /* Main.storyboard */ = {
			isa = PBXVariantGroup;
			children = (
				385BF0DD1C45FAF600369891 /* Base */,
			);
			name = Main.storyboard;
			sourceTree = "<group>";
		};
		385BF0E11C45FAF600369891 /* LaunchScreen.storyboard */ = {
			isa = PBXVariantGroup;
			children = (
				385BF0E21C45FAF600369891 /* Base */,
			);
			name = LaunchScreen.storyboard;
			sourceTree = "<group>";
		};
/* End PBXVariantGroup section */

/* Begin XCBuildConfiguration section */
		385BF0E51C45FAF600369891 /* Debug */ = {
			isa = XCBuildConfiguration;
			buildSettings = {
				ALWAYS_SEARCH_USER_PATHS = NO;
				CLANG_CXX_LANGUAGE_STANDARD = "gnu++0x";
				CLANG_CXX_LIBRARY = "libc++";
				CLANG_ENABLE_MODULES = YES;
				CLANG_ENABLE_OBJC_ARC = YES;
				CLANG_WARN_BOOL_CONVERSION = YES;
				CLANG_WARN_CONSTANT_CONVERSION = YES;
				CLANG_WARN_DIRECT_OBJC_ISA_USAGE = YES_ERROR;
				CLANG_WARN_EMPTY_BODY = YES;
				CLANG_WARN_ENUM_CONVERSION = YES;
				CLANG_WARN_INT_CONVERSION = YES;
				CLANG_WARN_OBJC_ROOT_CLASS = YES_ERROR;
				CLANG_WARN_UNREACHABLE_CODE = YES;
				CLANG_WARN__DUPLICATE_METHOD_MATCH = YES;
				"CODE_SIGN_IDENTITY[sdk=iphoneos*]" = "iPhone Developer";
				COPY_PHASE_STRIP = NO;
				DEBUG_INFORMATION_FORMAT = dwarf;
				ENABLE_STRICT_OBJC_MSGSEND = YES;
				ENABLE_TESTABILITY = YES;
				GCC_C_LANGUAGE_STANDARD = gnu99;
				GCC_DYNAMIC_NO_PIC = NO;
				GCC_NO_COMMON_BLOCKS = YES;
				GCC_OPTIMIZATION_LEVEL = 0;
				GCC_PREPROCESSOR_DEFINITIONS = (
					"DEBUG=1",
					"$(inherited)",
				);
				GCC_WARN_64_TO_32_BIT_CONVERSION = YES;
				GCC_WARN_ABOUT_RETURN_TYPE = YES_ERROR;
				GCC_WARN_UNDECLARED_SELECTOR = YES;
				GCC_WARN_UNINITIALIZED_AUTOS = YES_AGGRESSIVE;
				GCC_WARN_UNUSED_FUNCTION = YES;
				GCC_WARN_UNUSED_VARIABLE = YES;
				IPHONEOS_DEPLOYMENT_TARGET = 9.2;
				MTL_ENABLE_DEBUG_INFO = YES;
				ONLY_ACTIVE_ARCH = YES;
				SDKROOT = iphoneos;
			};
			name = Debug;
		};
		385BF0E61C45FAF600369891 /* Release */ = {
			isa = XCBuildConfiguration;
			buildSettings = {
				ALWAYS_SEARCH_USER_PATHS = NO;
				CLANG_CXX_LANGUAGE_STANDARD = "gnu++0x";
				CLANG_CXX_LIBRARY = "libc++";
				CLANG_ENABLE_MODULES = YES;
				CLANG_ENABLE_OBJC_ARC = YES;
				CLANG_WARN_BOOL_CONVERSION = YES;
				CLANG_WARN_CONSTANT_CONVERSION = YES;
				CLANG_WARN_DIRECT_OBJC_ISA_USAGE = YES_ERROR;
				CLANG_WARN_EMPTY_BODY = YES;
				CLANG_WARN_ENUM_CONVERSION = YES;
				CLANG_WARN_INT_CONVERSION = YES;
				CLANG_WARN_OBJC_ROOT_CLASS = YES_ERROR;
				CLANG_WARN_UNREACHABLE_CODE = YES;
				CLANG_WARN__DUPLICATE_METHOD_MATCH = YES;
				"CODE_SIGN_IDENTITY[sdk=iphoneos*]" = "iPhone Developer";
				COPY_PHASE_STRIP = NO;
				DEBUG_INFORMATION_FORMAT = "dwarf-with-dsym";
				ENABLE_NS_ASSERTIONS = NO;
				ENABLE_STRICT_OBJC_MSGSEND = YES;
				GCC_C_LANGUAGE_STANDARD = gnu99;
				GCC_NO_COMMON_BLOCKS = YES;
				GCC_WARN_64_TO_32_BIT_CONVERSION = YES;
				GCC_WARN_ABOUT_RETURN_TYPE = YES_ERROR;
				GCC_WARN_UNDECLARED_SELECTOR = YES;
				GCC_WARN_UNINITIALIZED_AUTOS = YES_AGGRESSIVE;
				GCC_WARN_UNUSED_FUNCTION = YES;
				GCC_WARN_UNUSED_VARIABLE = YES;
				IPHONEOS_DEPLOYMENT_TARGET = 9.2;
				MTL_ENABLE_DEBUG_INFO = NO;
				SDKROOT = iphoneos;
				VALIDATE_PRODUCT = YES;
			};
			name = Release;
		};
		385BF0E81C45FAF600369891 /* Debug */ = {
			isa = XCBuildConfiguration;
			buildSettings = {
				ASSETCATALOG_COMPILER_APPICON_NAME = AppIcon;
				INFOPLIST_FILE = FTPopMenu/Info.plist;
				LD_RUNPATH_SEARCH_PATHS = "$(inherited) @executable_path/Frameworks";
				PRODUCT_BUNDLE_IDENTIFIER = com.FTPopMenu;
				PRODUCT_NAME = "$(TARGET_NAME)";
			};
			name = Debug;
		};
		385BF0E91C45FAF600369891 /* Release */ = {
			isa = XCBuildConfiguration;
			buildSettings = {
				ASSETCATALOG_COMPILER_APPICON_NAME = AppIcon;
				INFOPLIST_FILE = FTPopMenu/Info.plist;
				LD_RUNPATH_SEARCH_PATHS = "$(inherited) @executable_path/Frameworks";
				PRODUCT_BUNDLE_IDENTIFIER = com.FTPopMenu;
				PRODUCT_NAME = "$(TARGET_NAME)";
			};
			name = Release;
		};
/* End XCBuildConfiguration section */

/* Begin XCConfigurationList section */
		385BF0CB1C45FAF600369891 /* Build configuration list for PBXProject "FTPopMenu" */ = {
			isa = XCConfigurationList;
			buildConfigurations = (
				385BF0E51C45FAF600369891 /* Debug */,
				385BF0E61C45FAF600369891 /* Release */,
			);
			defaultConfigurationIsVisible = 0;
			defaultConfigurationName = Release;
		};
		385BF0E71C45FAF600369891 /* Build configuration list for PBXNativeTarget "FTPopMenu" */ = {
			isa = XCConfigurationList;
			buildConfigurations = (
				385BF0E81C45FAF600369891 /* Debug */,
				385BF0E91C45FAF600369891 /* Release */,
			);
			defaultConfigurationIsVisible = 0;
			defaultConfigurationName = Release;
		};
/* End XCConfigurationList section */
	};
	rootObject = 385BF0C81C45FAF600369891 /* Project object */;
}
